
Microsoft Visual Studio Solution File, Format Version 12.00
# Visual Studio Version 16
VisualStudioVersion = 16.0.30413.136
MinimumVisualStudioVersion = 10.0.40219.1
Project("{FAE04EC0-301F-11D3-BF4B-00C04F79EFBC}") = "IM", "IM.csproj", "{0E378675-0C78-4918-92FA-054F1C108BEB}"
EndProject
Project("{9A19103F-16F7-4668-BE54-9A1E7A4F7556}") = "ConsoleSQLTester", "..\ConsoleSQLTester\ConsoleSQLTester.csproj", "{9EF2842E-4877-43F4-B44A-E05EFA229A38}"
EndProject
Project("{9A19103F-16F7-4668-BE54-9A1E7A4F7556}") = "POReportGenerator", "..\..\POReportGenerator\POReportGenerator.csproj", "{CBC42F25-DE65-48B6-B55A-C2B09B31D186}"
EndProject
Global
	GlobalSection(SolutionConfigurationPlatforms) = preSolution
		Debug|Any CPU = Debug|Any CPU
		Release|Any CPU = Release|Any CPU
	EndGlobalSection
	GlobalSection(ProjectConfigurationPlatforms) = postSolution
		{0E378675-0C78-4918-92FA-054F1C108BEB}.Debug|Any CPU.ActiveCfg = Debug|Any CPU
		{0E378675-0C78-4918-92FA-054F1C108BEB}.Debug|Any CPU.Build.0 = Debug|Any CPU
		{0E378675-0C78-4918-92FA-054F1C108BEB}.Release|Any CPU.ActiveCfg = Release|Any CPU
		{0E378675-0C78-4918-92FA-054F1C108BEB}.Release|Any CPU.Build.0 = Release|Any CPU
		{9EF2842E-4877-43F4-B44A-E05EFA229A38}.Debug|Any CPU.ActiveCfg = Debug|Any CPU
		{9EF2842E-4877-43F4-B44A-E05EFA229A38}.Debug|Any CPU.Build.0 = Debug|Any CPU
		{9EF2842E-4877-43F4-B44A-E05EFA229A38}.Release|Any CPU.ActiveCfg = Release|Any CPU
		{9EF2842E-4877-43F4-B44A-E05EFA229A38}.Release|Any CPU.Build.0 = Release|Any CPU
		{CBC42F25-DE65-48B6-B55A-C2B09B31D186}.Debug|Any CPU.ActiveCfg = Debug|Any CPU
		{CBC42F25-DE65-48B6-B55A-C2B09B31D186}.Debug|Any CPU.Build.0 = Debug|Any CPU
		{CBC42F25-DE65-48B6-B55A-C2B09B31D186}.Release|Any CPU.ActiveCfg = Release|Any CPU
		{CBC42F25-DE65-48B6-B55A-C2B09B31D186}.Release|Any CPU.Build.0 = Release|Any CPU
	EndGlobalSection
	GlobalSection(SolutionProperties) = preSolution
		HideSolutionNode = FALSE
	EndGlobalSection
	GlobalSection(ExtensibilityGlobals) = postSolution
		SolutionGuid = {487E0522-6B3E-4F7C-82DB-263BE76A69B3}
	EndGlobalSection
EndGlobal
